
Microsoft Visual Studio Solution File, Format Version 12.00
# Visual Studio Version 17
VisualStudioVersion = 17.4.33205.214
MinimumVisualStudioVersion = 10.0.40219.1
Project("{FAE04EC0-301F-11D3-BF4B-00C04F79EFBC}") = "ADO.Net_Employee_Payroll", "ADO.Net_Employee_Payroll\ADO.Net_Employee_Payroll.csproj", "{63D7A9FE-D7A3-42EF-AE36-06FFC91533D8}"
EndProject
Global
	GlobalSection(SolutionConfigurationPlatforms) = preSolution
		Debug|Any CPU = Debug|Any CPU
		Release|Any CPU = Release|Any CPU
	EndGlobalSection
	GlobalSection(ProjectConfigurationPlatforms) = postSolution
		{63D7A9FE-D7A3-42EF-AE36-06FFC91533D8}.Debug|Any CPU.ActiveCfg = Debug|Any CPU
		{63D7A9FE-D7A3-42EF-AE36-06FFC91533D8}.Debug|Any CPU.Build.0 = Debug|Any CPU
		{63D7A9FE-D7A3-42EF-AE36-06FFC91533D8}.Release|Any CPU.ActiveCfg = Release|Any CPU
		{63D7A9FE-D7A3-42EF-AE36-06FFC91533D8}.Release|Any CPU.Build.0 = Release|Any CPU
	EndGlobalSection
	GlobalSection(SolutionProperties) = preSolution
		HideSolutionNode = FALSE
	EndGlobalSection
	GlobalSection(ExtensibilityGlobals) = postSolution
		SolutionGuid = {B58076E1-0BEB-4CBE-9EBD-EFA15674C39C}
	EndGlobalSection
EndGlobal
